
Microsoft Visual Studio Solution File, Format Version 12.00
# Visual Studio 15
Project("{FAE04EC0-301F-11D3-BF4B-00C04F79EFBC}") = "Assembly-CSharp", "Assembly-CSharp.csproj", "{CDEEF175-8ACC-E125-ECDC-92FF4CB1848D}"
EndProject
Project("{2150E333-8FDC-42A3-9474-1A3956D46DE8}") = "Solution Items", "Solution Items", "{3C2DBF7A-21D1-48AB-B04F-795993D29F96}"
	ProjectSection(SolutionItems) = preProject
		.editorconfig = .editorconfig
	EndProjectSection
EndProject
Global
	GlobalSection(SolutionConfigurationPlatforms) = preSolution
		Debug|Any CPU = Debug|Any CPU
		Release|Any CPU = Release|Any CPU
	EndGlobalSection
	GlobalSection(ProjectConfigurationPlatforms) = postSolution
		{CDEEF175-8ACC-E125-ECDC-92FF4CB1848D}.Debug|Any CPU.ActiveCfg = Debug|Any CPU
		{CDEEF175-8ACC-E125-ECDC-92FF4CB1848D}.Debug|Any CPU.Build.0 = Debug|Any CPU
		{CDEEF175-8ACC-E125-ECDC-92FF4CB1848D}.Release|Any CPU.ActiveCfg = Release|Any CPU
		{CDEEF175-8ACC-E125-ECDC-92FF4CB1848D}.Release|Any CPU.Build.0 = Release|Any CPU
	EndGlobalSection
	GlobalSection(SolutionProperties) = preSolution
		HideSolutionNode = FALSE
	EndGlobalSection
EndGlobal
